
Microsoft Visual Studio Solution File, Format Version 12.00
# Visual Studio 2012
Project("{FAE04EC0-301F-11D3-BF4B-00C04F79EFBC}") = "RxTests", "RxTests\RxTests.csproj", "{73BC5B26-11DA-41C0-9F89-9E963582BD6A}"
EndProject
Project("{FAE04EC0-301F-11D3-BF4B-00C04F79EFBC}") = "RxTests.iOS", "iOS\RxTests.iOS.csproj", "{F6989117-C813-4621-9E2A-A1A60FD75D34}"
EndProject
Project("{FAE04EC0-301F-11D3-BF4B-00C04F79EFBC}") = "RxTests.Droid", "Droid\RxTests.Droid.csproj", "{5A920745-F9FC-4C47-B17E-EA22A0573DF4}"
EndProject
Project("{FAE04EC0-301F-11D3-BF4B-00C04F79EFBC}") = "RxTests.UITests", "UITests\RxTests.UITests.csproj", "{0CBC0C76-4DA0-43CD-9D43-C4CBF596297B}"
EndProject
Project("{2150E333-8FDC-42A3-9474-1A3956D46DE8}") = "BlueMarin", "BlueMarin", "{E133979B-911C-4DE1-AF0F-9D9D229A13D2}"
EndProject
Project("{FAE04EC0-301F-11D3-BF4B-00C04F79EFBC}") = "BlueMarin.PCL", "BlueMarin\BlueMarin.PCL\BlueMarin.PCL.csproj", "{B7A248AF-C787-4F9D-BFAD-DF96C64F4E50}"
EndProject
Project("{FAE04EC0-301F-11D3-BF4B-00C04F79EFBC}") = "BlueMarin.Rx", "BlueMarin\BlueMarin.Rx\BlueMarin.Rx.csproj", "{DE0E2591-F3C1-4E07-AE20-BD6713C4F1C5}"
EndProject
Project("{FAE04EC0-301F-11D3-BF4B-00C04F79EFBC}") = "RxTests.Tests", "RxTests.Tests\RxTests.Tests.csproj", "{1E25E9C9-7462-47FC-B23F-99C43A276118}"
EndProject
Project("{2150E333-8FDC-42A3-9474-1A3956D46DE8}") = "Acr.DeviceInfo", "Acr.DeviceInfo", "{01C0C7DD-194D-4D18-BC93-36E279F95743}"
EndProject
Project("{FAE04EC0-301F-11D3-BF4B-00C04F79EFBC}") = "Acr.DeviceInfo", "Acr.DeviceInfo\src\Acr.DeviceInfo\Acr.DeviceInfo.csproj", "{0AE46DB6-F7C4-40E2-A8DF-1E22D9EB2BB5}"
EndProject
Project("{FAE04EC0-301F-11D3-BF4B-00C04F79EFBC}") = "Acr.DeviceInfo.Interface", "Acr.DeviceInfo\src\Acr.DeviceInfo.Interface\Acr.DeviceInfo.Interface.csproj", "{48D0E994-7454-44ED-952B-9E9FAFA5101F}"
EndProject
Project("{FAE04EC0-301F-11D3-BF4B-00C04F79EFBC}") = "Acr.DeviceInfo.iOS", "Acr.DeviceInfo\src\Acr.DeviceInfo.iOS\Acr.DeviceInfo.iOS.csproj", "{8786FFFE-E5DC-4147-B04C-C68F3F01A024}"
EndProject
Project("{D954291E-2A0B-460D-934E-DC6B0785DB48}") = "Acr.DeviceInfo.Shared", "Acr.DeviceInfo\src\Acr.DeviceInfo.Shared\Acr.DeviceInfo.Shared.shproj", "{362383F5-16BD-4E6D-842D-3DC780E6F20E}"
EndProject
Project("{FAE04EC0-301F-11D3-BF4B-00C04F79EFBC}") = "Acr.DeviceInfo.Android", "Acr.DeviceInfo\src\Acr.DeviceInfo.Android\Acr.DeviceInfo.Android.csproj", "{81F160C8-E15B-4D75-8580-A27757E1C4C9}"
EndProject
Global
	GlobalSection(SolutionConfigurationPlatforms) = preSolution
		Debug|Any CPU = Debug|Any CPU
		Release|Any CPU = Release|Any CPU
		Debug|iPhoneSimulator = Debug|iPhoneSimulator
		Release|iPhone = Release|iPhone
		Release|iPhoneSimulator = Release|iPhoneSimulator
		Debug|iPhone = Debug|iPhone
	EndGlobalSection
	GlobalSection(ProjectConfigurationPlatforms) = postSolution
		{0CBC0C76-4DA0-43CD-9D43-C4CBF596297B}.Debug|Any CPU.ActiveCfg = Debug|Any CPU
		{0CBC0C76-4DA0-43CD-9D43-C4CBF596297B}.Debug|Any CPU.Build.0 = Debug|Any CPU
		{0CBC0C76-4DA0-43CD-9D43-C4CBF596297B}.Debug|iPhone.ActiveCfg = Debug|Any CPU
		{0CBC0C76-4DA0-43CD-9D43-C4CBF596297B}.Debug|iPhone.Build.0 = Debug|Any CPU
		{0CBC0C76-4DA0-43CD-9D43-C4CBF596297B}.Debug|iPhoneSimulator.ActiveCfg = Debug|Any CPU
		{0CBC0C76-4DA0-43CD-9D43-C4CBF596297B}.Debug|iPhoneSimulator.Build.0 = Debug|Any CPU
		{0CBC0C76-4DA0-43CD-9D43-C4CBF596297B}.Release|Any CPU.ActiveCfg = Release|Any CPU
		{0CBC0C76-4DA0-43CD-9D43-C4CBF596297B}.Release|Any CPU.Build.0 = Release|Any CPU
		{0CBC0C76-4DA0-43CD-9D43-C4CBF596297B}.Release|iPhone.ActiveCfg = Release|Any CPU
		{0CBC0C76-4DA0-43CD-9D43-C4CBF596297B}.Release|iPhone.Build.0 = Release|Any CPU
		{0CBC0C76-4DA0-43CD-9D43-C4CBF596297B}.Release|iPhoneSimulator.ActiveCfg = Release|Any CPU
		{0CBC0C76-4DA0-43CD-9D43-C4CBF596297B}.Release|iPhoneSimulator.Build.0 = Release|Any CPU
		{1E25E9C9-7462-47FC-B23F-99C43A276118}.Debug|Any CPU.ActiveCfg = Debug|Any CPU
		{1E25E9C9-7462-47FC-B23F-99C43A276118}.Debug|Any CPU.Build.0 = Debug|Any CPU
		{1E25E9C9-7462-47FC-B23F-99C43A276118}.Debug|iPhone.ActiveCfg = Debug|Any CPU
		{1E25E9C9-7462-47FC-B23F-99C43A276118}.Debug|iPhone.Build.0 = Debug|Any CPU
		{1E25E9C9-7462-47FC-B23F-99C43A276118}.Debug|iPhoneSimulator.ActiveCfg = Debug|Any CPU
		{1E25E9C9-7462-47FC-B23F-99C43A276118}.Debug|iPhoneSimulator.Build.0 = Debug|Any CPU
		{1E25E9C9-7462-47FC-B23F-99C43A276118}.Release|Any CPU.ActiveCfg = Release|Any CPU
		{1E25E9C9-7462-47FC-B23F-99C43A276118}.Release|Any CPU.Build.0 = Release|Any CPU
		{1E25E9C9-7462-47FC-B23F-99C43A276118}.Release|iPhone.ActiveCfg = Release|Any CPU
		{1E25E9C9-7462-47FC-B23F-99C43A276118}.Release|iPhone.Build.0 = Release|Any CPU
		{1E25E9C9-7462-47FC-B23F-99C43A276118}.Release|iPhoneSimulator.ActiveCfg = Release|Any CPU
		{1E25E9C9-7462-47FC-B23F-99C43A276118}.Release|iPhoneSimulator.Build.0 = Release|Any CPU
		{5A920745-F9FC-4C47-B17E-EA22A0573DF4}.Debug|Any CPU.ActiveCfg = Debug|Any CPU
		{5A920745-F9FC-4C47-B17E-EA22A0573DF4}.Debug|Any CPU.Build.0 = Debug|Any CPU
		{5A920745-F9FC-4C47-B17E-EA22A0573DF4}.Debug|iPhone.ActiveCfg = Debug|Any CPU
		{5A920745-F9FC-4C47-B17E-EA22A0573DF4}.Debug|iPhone.Build.0 = Debug|Any CPU
		{5A920745-F9FC-4C47-B17E-EA22A0573DF4}.Debug|iPhoneSimulator.ActiveCfg = Debug|Any CPU
		{5A920745-F9FC-4C47-B17E-EA22A0573DF4}.Debug|iPhoneSimulator.Build.0 = Debug|Any CPU
		{5A920745-F9FC-4C47-B17E-EA22A0573DF4}.Release|Any CPU.ActiveCfg = Release|Any CPU
		{5A920745-F9FC-4C47-B17E-EA22A0573DF4}.Release|Any CPU.Build.0 = Release|Any CPU
		{5A920745-F9FC-4C47-B17E-EA22A0573DF4}.Release|iPhone.ActiveCfg = Release|Any CPU
		{5A920745-F9FC-4C47-B17E-EA22A0573DF4}.Release|iPhone.Build.0 = Release|Any CPU
		{5A920745-F9FC-4C47-B17E-EA22A0573DF4}.Release|iPhoneSimulator.ActiveCfg = Release|Any CPU
		{5A920745-F9FC-4C47-B17E-EA22A0573DF4}.Release|iPhoneSimulator.Build.0 = Release|Any CPU
		{73BC5B26-11DA-41C0-9F89-9E963582BD6A}.Debug|Any CPU.ActiveCfg = Debug|Any CPU
		{73BC5B26-11DA-41C0-9F89-9E963582BD6A}.Debug|Any CPU.Build.0 = Debug|Any CPU
		{73BC5B26-11DA-41C0-9F89-9E963582BD6A}.Debug|iPhone.ActiveCfg = Debug|Any CPU
		{73BC5B26-11DA-41C0-9F89-9E963582BD6A}.Debug|iPhone.Build.0 = Debug|Any CPU
		{73BC5B26-11DA-41C0-9F89-9E963582BD6A}.Debug|iPhoneSimulator.ActiveCfg = Debug|Any CPU
		{73BC5B26-11DA-41C0-9F89-9E963582BD6A}.Debug|iPhoneSimulator.Build.0 = Debug|Any CPU
		{73BC5B26-11DA-41C0-9F89-9E963582BD6A}.Release|Any CPU.ActiveCfg = Release|Any CPU
		{73BC5B26-11DA-41C0-9F89-9E963582BD6A}.Release|Any CPU.Build.0 = Release|Any CPU
		{73BC5B26-11DA-41C0-9F89-9E963582BD6A}.Release|iPhone.ActiveCfg = Release|Any CPU
		{73BC5B26-11DA-41C0-9F89-9E963582BD6A}.Release|iPhone.Build.0 = Release|Any CPU
		{73BC5B26-11DA-41C0-9F89-9E963582BD6A}.Release|iPhoneSimulator.ActiveCfg = Release|Any CPU
		{73BC5B26-11DA-41C0-9F89-9E963582BD6A}.Release|iPhoneSimulator.Build.0 = Release|Any CPU
		{B7A248AF-C787-4F9D-BFAD-DF96C64F4E50}.Debug|Any CPU.ActiveCfg = Debug|Any CPU
		{B7A248AF-C787-4F9D-BFAD-DF96C64F4E50}.Debug|Any CPU.Build.0 = Debug|Any CPU
		{B7A248AF-C787-4F9D-BFAD-DF96C64F4E50}.Debug|iPhone.ActiveCfg = Debug|Any CPU
		{B7A248AF-C787-4F9D-BFAD-DF96C64F4E50}.Debug|iPhone.Build.0 = Debug|Any CPU
		{B7A248AF-C787-4F9D-BFAD-DF96C64F4E50}.Debug|iPhoneSimulator.ActiveCfg = Debug|Any CPU
		{B7A248AF-C787-4F9D-BFAD-DF96C64F4E50}.Debug|iPhoneSimulator.Build.0 = Debug|Any CPU
		{B7A248AF-C787-4F9D-BFAD-DF96C64F4E50}.Release|Any CPU.ActiveCfg = Release|Any CPU
		{B7A248AF-C787-4F9D-BFAD-DF96C64F4E50}.Release|Any CPU.Build.0 = Release|Any CPU
		{B7A248AF-C787-4F9D-BFAD-DF96C64F4E50}.Release|iPhone.ActiveCfg = Release|Any CPU
		{B7A248AF-C787-4F9D-BFAD-DF96C64F4E50}.Release|iPhone.Build.0 = Release|Any CPU
		{B7A248AF-C787-4F9D-BFAD-DF96C64F4E50}.Release|iPhoneSimulator.ActiveCfg = Release|Any CPU
		{B7A248AF-C787-4F9D-BFAD-DF96C64F4E50}.Release|iPhoneSimulator.Build.0 = Release|Any CPU
		{DE0E2591-F3C1-4E07-AE20-BD6713C4F1C5}.Debug|Any CPU.ActiveCfg = Debug|Any CPU
		{DE0E2591-F3C1-4E07-AE20-BD6713C4F1C5}.Debug|Any CPU.Build.0 = Debug|Any CPU
		{DE0E2591-F3C1-4E07-AE20-BD6713C4F1C5}.Debug|iPhone.ActiveCfg = Debug|Any CPU
		{DE0E2591-F3C1-4E07-AE20-BD6713C4F1C5}.Debug|iPhone.Build.0 = Debug|Any CPU
		{DE0E2591-F3C1-4E07-AE20-BD6713C4F1C5}.Debug|iPhoneSimulator.ActiveCfg = Debug|Any CPU
		{DE0E2591-F3C1-4E07-AE20-BD6713C4F1C5}.Debug|iPhoneSimulator.Build.0 = Debug|Any CPU
		{DE0E2591-F3C1-4E07-AE20-BD6713C4F1C5}.Release|Any CPU.ActiveCfg = Release|Any CPU
		{DE0E2591-F3C1-4E07-AE20-BD6713C4F1C5}.Release|Any CPU.Build.0 = Release|Any CPU
		{DE0E2591-F3C1-4E07-AE20-BD6713C4F1C5}.Release|iPhone.ActiveCfg = Release|Any CPU
		{DE0E2591-F3C1-4E07-AE20-BD6713C4F1C5}.Release|iPhone.Build.0 = Release|Any CPU
		{DE0E2591-F3C1-4E07-AE20-BD6713C4F1C5}.Release|iPhoneSimulator.ActiveCfg = Release|Any CPU
		{DE0E2591-F3C1-4E07-AE20-BD6713C4F1C5}.Release|iPhoneSimulator.Build.0 = Release|Any CPU
		{F6989117-C813-4621-9E2A-A1A60FD75D34}.Debug|Any CPU.ActiveCfg = Debug|iPhoneSimulator
		{F6989117-C813-4621-9E2A-A1A60FD75D34}.Debug|Any CPU.Build.0 = Debug|iPhoneSimulator
		{F6989117-C813-4621-9E2A-A1A60FD75D34}.Debug|iPhone.ActiveCfg = Debug|iPhone
		{F6989117-C813-4621-9E2A-A1A60FD75D34}.Debug|iPhone.Build.0 = Debug|iPhone
		{F6989117-C813-4621-9E2A-A1A60FD75D34}.Debug|iPhoneSimulator.ActiveCfg = Debug|iPhoneSimulator
		{F6989117-C813-4621-9E2A-A1A60FD75D34}.Debug|iPhoneSimulator.Build.0 = Debug|iPhoneSimulator
		{F6989117-C813-4621-9E2A-A1A60FD75D34}.Release|Any CPU.ActiveCfg = Release|iPhone
		{F6989117-C813-4621-9E2A-A1A60FD75D34}.Release|Any CPU.Build.0 = Release|iPhone
		{F6989117-C813-4621-9E2A-A1A60FD75D34}.Release|iPhone.ActiveCfg = Release|iPhone
		{F6989117-C813-4621-9E2A-A1A60FD75D34}.Release|iPhone.Build.0 = Release|iPhone
		{F6989117-C813-4621-9E2A-A1A60FD75D34}.Release|iPhoneSimulator.ActiveCfg = Release|iPhoneSimulator
		{F6989117-C813-4621-9E2A-A1A60FD75D34}.Release|iPhoneSimulator.Build.0 = Release|iPhoneSimulator
		{0AE46DB6-F7C4-40E2-A8DF-1E22D9EB2BB5}.Debug|Any CPU.ActiveCfg = Debug|Any CPU
		{0AE46DB6-F7C4-40E2-A8DF-1E22D9EB2BB5}.Debug|Any CPU.Build.0 = Debug|Any CPU
		{0AE46DB6-F7C4-40E2-A8DF-1E22D9EB2BB5}.Release|Any CPU.ActiveCfg = Release|Any CPU
		{0AE46DB6-F7C4-40E2-A8DF-1E22D9EB2BB5}.Release|Any CPU.Build.0 = Release|Any CPU
		{0AE46DB6-F7C4-40E2-A8DF-1E22D9EB2BB5}.Debug|iPhoneSimulator.ActiveCfg = Debug|Any CPU
		{0AE46DB6-F7C4-40E2-A8DF-1E22D9EB2BB5}.Debug|iPhoneSimulator.Build.0 = Debug|Any CPU
		{0AE46DB6-F7C4-40E2-A8DF-1E22D9EB2BB5}.Release|iPhone.ActiveCfg = Release|Any CPU
		{0AE46DB6-F7C4-40E2-A8DF-1E22D9EB2BB5}.Release|iPhone.Build.0 = Release|Any CPU
		{0AE46DB6-F7C4-40E2-A8DF-1E22D9EB2BB5}.Release|iPhoneSimulator.ActiveCfg = Release|Any CPU
		{0AE46DB6-F7C4-40E2-A8DF-1E22D9EB2BB5}.Release|iPhoneSimulator.Build.0 = Release|Any CPU
		{0AE46DB6-F7C4-40E2-A8DF-1E22D9EB2BB5}.Debug|iPhone.ActiveCfg = Debug|Any CPU
		{0AE46DB6-F7C4-40E2-A8DF-1E22D9EB2BB5}.Debug|iPhone.Build.0 = Debug|Any CPU
		{48D0E994-7454-44ED-952B-9E9FAFA5101F}.Debug|Any CPU.ActiveCfg = Debug|Any CPU
		{48D0E994-7454-44ED-952B-9E9FAFA5101F}.Debug|Any CPU.Build.0 = Debug|Any CPU
		{48D0E994-7454-44ED-952B-9E9FAFA5101F}.Release|Any CPU.ActiveCfg = Release|Any CPU
		{48D0E994-7454-44ED-952B-9E9FAFA5101F}.Release|Any CPU.Build.0 = Release|Any CPU
		{48D0E994-7454-44ED-952B-9E9FAFA5101F}.Debug|iPhoneSimulator.ActiveCfg = Debug|Any CPU
		{48D0E994-7454-44ED-952B-9E9FAFA5101F}.Debug|iPhoneSimulator.Build.0 = Debug|Any CPU
		{48D0E994-7454-44ED-952B-9E9FAFA5101F}.Release|iPhone.ActiveCfg = Release|Any CPU
		{48D0E994-7454-44ED-952B-9E9FAFA5101F}.Release|iPhone.Build.0 = Release|Any CPU
		{48D0E994-7454-44ED-952B-9E9FAFA5101F}.Release|iPhoneSimulator.ActiveCfg = Release|Any CPU
		{48D0E994-7454-44ED-952B-9E9FAFA5101F}.Release|iPhoneSimulator.Build.0 = Release|Any CPU
		{48D0E994-7454-44ED-952B-9E9FAFA5101F}.Debug|iPhone.ActiveCfg = Debug|Any CPU
		{48D0E994-7454-44ED-952B-9E9FAFA5101F}.Debug|iPhone.Build.0 = Debug|Any CPU
		{8786FFFE-E5DC-4147-B04C-C68F3F01A024}.Debug|Any CPU.ActiveCfg = Debug|Any CPU
		{8786FFFE-E5DC-4147-B04C-C68F3F01A024}.Debug|Any CPU.Build.0 = Debug|Any CPU
		{8786FFFE-E5DC-4147-B04C-C68F3F01A024}.Release|Any CPU.ActiveCfg = Release|Any CPU
		{8786FFFE-E5DC-4147-B04C-C68F3F01A024}.Release|Any CPU.Build.0 = Release|Any CPU
		{8786FFFE-E5DC-4147-B04C-C68F3F01A024}.Debug|iPhoneSimulator.ActiveCfg = Debug|Any CPU
		{8786FFFE-E5DC-4147-B04C-C68F3F01A024}.Debug|iPhoneSimulator.Build.0 = Debug|Any CPU
		{8786FFFE-E5DC-4147-B04C-C68F3F01A024}.Release|iPhone.ActiveCfg = Release|Any CPU
		{8786FFFE-E5DC-4147-B04C-C68F3F01A024}.Release|iPhone.Build.0 = Release|Any CPU
		{8786FFFE-E5DC-4147-B04C-C68F3F01A024}.Release|iPhoneSimulator.ActiveCfg = Release|Any CPU
		{8786FFFE-E5DC-4147-B04C-C68F3F01A024}.Release|iPhoneSimulator.Build.0 = Release|Any CPU
		{8786FFFE-E5DC-4147-B04C-C68F3F01A024}.Debug|iPhone.ActiveCfg = Debug|Any CPU
		{8786FFFE-E5DC-4147-B04C-C68F3F01A024}.Debug|iPhone.Build.0 = Debug|Any CPU
		{81F160C8-E15B-4D75-8580-A27757E1C4C9}.Debug|Any CPU.ActiveCfg = Debug|Any CPU
		{81F160C8-E15B-4D75-8580-A27757E1C4C9}.Debug|Any CPU.Build.0 = Debug|Any CPU
		{81F160C8-E15B-4D75-8580-A27757E1C4C9}.Release|Any CPU.ActiveCfg = Release|Any CPU
		{81F160C8-E15B-4D75-8580-A27757E1C4C9}.Release|Any CPU.Build.0 = Release|Any CPU
		{81F160C8-E15B-4D75-8580-A27757E1C4C9}.Debug|iPhoneSimulator.ActiveCfg = Debug|Any CPU
		{81F160C8-E15B-4D75-8580-A27757E1C4C9}.Debug|iPhoneSimulator.Build.0 = Debug|Any CPU
		{81F160C8-E15B-4D75-8580-A27757E1C4C9}.Release|iPhone.ActiveCfg = Release|Any CPU
		{81F160C8-E15B-4D75-8580-A27757E1C4C9}.Release|iPhone.Build.0 = Release|Any CPU
		{81F160C8-E15B-4D75-8580-A27757E1C4C9}.Release|iPhoneSimulator.ActiveCfg = Release|Any CPU
		{81F160C8-E15B-4D75-8580-A27757E1C4C9}.Release|iPhoneSimulator.Build.0 = Release|Any CPU
		{81F160C8-E15B-4D75-8580-A27757E1C4C9}.Debug|iPhone.ActiveCfg = Debug|Any CPU
		{81F160C8-E15B-4D75-8580-A27757E1C4C9}.Debug|iPhone.Build.0 = Debug|Any CPU
	EndGlobalSection
	GlobalSection(NestedProjects) = preSolution
		{B7A248AF-C787-4F9D-BFAD-DF96C64F4E50} = {E133979B-911C-4DE1-AF0F-9D9D229A13D2}
		{DE0E2591-F3C1-4E07-AE20-BD6713C4F1C5} = {E133979B-911C-4DE1-AF0F-9D9D229A13D2}
		{0AE46DB6-F7C4-40E2-A8DF-1E22D9EB2BB5} = {01C0C7DD-194D-4D18-BC93-36E279F95743}
		{48D0E994-7454-44ED-952B-9E9FAFA5101F} = {01C0C7DD-194D-4D18-BC93-36E279F95743}
		{8786FFFE-E5DC-4147-B04C-C68F3F01A024} = {01C0C7DD-194D-4D18-BC93-36E279F95743}
		{362383F5-16BD-4E6D-842D-3DC780E6F20E} = {01C0C7DD-194D-4D18-BC93-36E279F95743}
		{81F160C8-E15B-4D75-8580-A27757E1C4C9} = {01C0C7DD-194D-4D18-BC93-36E279F95743}
	EndGlobalSection
EndGlobal
